// !$*UTF8*$!
{
	archiveVersion = 1;
	classes = {
	};
	objectVersion = 56;
	objects = {

/* Begin PBXBuildFile section */
		EA526F902AC048840025614F /* SmthApp.swift in Sources */ = {isa = PBXBuildFile; fileRef = EA526F8F2AC048840025614F /* SmthApp.swift */; };
		EA526F922AC048840025614F /* ContentView.swift in Sources */ = {isa = PBXBuildFile; fileRef = EA526F912AC048840025614F /* ContentView.swift */; };
		EA526F942AC048860025614F /* Assets.xcassets in Resources */ = {isa = PBXBuildFile; fileRef = EA526F932AC048860025614F /* Assets.xcassets */; };
		EA526F982AC048860025614F /* Preview Assets.xcassets in Resources */ = {isa = PBXBuildFile; fileRef = EA526F972AC048860025614F /* Preview Assets.xcassets */; };
		EA526FA12AC05EDA0025614F /* SwiftSoup in Frameworks */ = {isa = PBXBuildFile; productRef = EA526FA02AC05EDA0025614F /* SwiftSoup */; };
		EA526FAA2AC08EBE0025614F /* NetworkManager.swift in Sources */ = {isa = PBXBuildFile; fileRef = EA526FA92AC08EBD0025614F /* NetworkManager.swift */; };
		EA526FAD2AC507F70025614F /* Alamofire in Frameworks */ = {isa = PBXBuildFile; productRef = EA526FAC2AC507F70025614F /* Alamofire */; };
		EA526FB02AC50C640025614F /* Topic.swift in Sources */ = {isa = PBXBuildFile; fileRef = EA526FAF2AC50C640025614F /* Topic.swift */; };
		EA526FB22AC519840025614F /* APIRouter.swift in Sources */ = {isa = PBXBuildFile; fileRef = EA526FB12AC519840025614F /* APIRouter.swift */; };
		EA526FB42AC529C50025614F /* Board.swift in Sources */ = {isa = PBXBuildFile; fileRef = EA526FB32AC529C50025614F /* Board.swift */; };
		EA526FB62AC52A430025614F /* Article.swift in Sources */ = {isa = PBXBuildFile; fileRef = EA526FB52AC52A430025614F /* Article.swift */; };
		EA526FB82AC52A920025614F /* Account.swift in Sources */ = {isa = PBXBuildFile; fileRef = EA526FB72AC52A920025614F /* Account.swift */; };
		EA526FBA2AC537470025614F /* TopicDataSource.swift in Sources */ = {isa = PBXBuildFile; fileRef = EA526FB92AC537470025614F /* TopicDataSource.swift */; };
		EA526FBC2AC5381D0025614F /* NetworkAPI.swift in Sources */ = {isa = PBXBuildFile; fileRef = EA526FBB2AC5381D0025614F /* NetworkAPI.swift */; };
		EA526FBE2AC54B610025614F /* TopicDetailDataSource.swift in Sources */ = {isa = PBXBuildFile; fileRef = EA526FBD2AC54B610025614F /* TopicDetailDataSource.swift */; };
		EA526FC02AC551890025614F /* Like.swift in Sources */ = {isa = PBXBuildFile; fileRef = EA526FBF2AC551890025614F /* Like.swift */; };
		EA526FC22AC5530F0025614F /* TopicDetailView.swift in Sources */ = {isa = PBXBuildFile; fileRef = EA526FC12AC5530F0025614F /* TopicDetailView.swift */; };
		EA526FC42AC568AB0025614F /* BaseDataSource.swift in Sources */ = {isa = PBXBuildFile; fileRef = EA526FC32AC568AB0025614F /* BaseDataSource.swift */; };
		EA526FC62AC56C9B0025614F /* TopicContentRowView.swift in Sources */ = {isa = PBXBuildFile; fileRef = EA526FC52AC56C9B0025614F /* TopicContentRowView.swift */; };
		EA526FCA2AC5A3A40025614F /* ArticleRowView.swift in Sources */ = {isa = PBXBuildFile; fileRef = EA526FC92AC5A3A40025614F /* ArticleRowView.swift */; };
		EA526FCC2AC5A6CF0025614F /* TopicRowView.swift in Sources */ = {isa = PBXBuildFile; fileRef = EA526FCB2AC5A6CF0025614F /* TopicRowView.swift */; };
		EA526FCF2AC5D67A0025614F /* HotTopicView.swift in Sources */ = {isa = PBXBuildFile; fileRef = EA526FCE2AC5D67A0025614F /* HotTopicView.swift */; };
		EA526FD12AC5DA540025614F /* Section.swift in Sources */ = {isa = PBXBuildFile; fileRef = EA526FD02AC5DA540025614F /* Section.swift */; };
		EA526FD32AC5DAD90025614F /* SectionDataSource.swift in Sources */ = {isa = PBXBuildFile; fileRef = EA526FD22AC5DAD90025614F /* SectionDataSource.swift */; };
		EA526FD52AC5DCAF0025614F /* SectionListView.swift in Sources */ = {isa = PBXBuildFile; fileRef = EA526FD42AC5DCAF0025614F /* SectionListView.swift */; };
		EA526FD72AC5DD980025614F /* BoardListView.swift in Sources */ = {isa = PBXBuildFile; fileRef = EA526FD62AC5DD980025614F /* BoardListView.swift */; };
		EA526FD92AC5DDA50025614F /* BoardDataSource.swift in Sources */ = {isa = PBXBuildFile; fileRef = EA526FD82AC5DDA50025614F /* BoardDataSource.swift */; };
/* End PBXBuildFile section */

/* Begin PBXFileReference section */
		EA526F8C2AC048840025614F /* Smth.app */ = {isa = PBXFileReference; explicitFileType = wrapper.application; includeInIndex = 0; path = Smth.app; sourceTree = BUILT_PRODUCTS_DIR; };
		EA526F8F2AC048840025614F /* SmthApp.swift */ = {isa = PBXFileReference; lastKnownFileType = sourcecode.swift; path = SmthApp.swift; sourceTree = "<group>"; };
		EA526F912AC048840025614F /* ContentView.swift */ = {isa = PBXFileReference; lastKnownFileType = sourcecode.swift; path = ContentView.swift; sourceTree = "<group>"; };
		EA526F932AC048860025614F /* Assets.xcassets */ = {isa = PBXFileReference; lastKnownFileType = folder.assetcatalog; path = Assets.xcassets; sourceTree = "<group>"; };
		EA526F952AC048860025614F /* Smth.entitlements */ = {isa = PBXFileReference; lastKnownFileType = text.plist.entitlements; path = Smth.entitlements; sourceTree = "<group>"; };
		EA526F972AC048860025614F /* Preview Assets.xcassets */ = {isa = PBXFileReference; lastKnownFileType = folder.assetcatalog; path = "Preview Assets.xcassets"; sourceTree = "<group>"; };
		EA526FA92AC08EBD0025614F /* NetworkManager.swift */ = {isa = PBXFileReference; fileEncoding = 4; lastKnownFileType = sourcecode.swift; path = NetworkManager.swift; sourceTree = "<group>"; };
		EA526FAF2AC50C640025614F /* Topic.swift */ = {isa = PBXFileReference; lastKnownFileType = sourcecode.swift; path = Topic.swift; sourceTree = "<group>"; };
		EA526FB12AC519840025614F /* APIRouter.swift */ = {isa = PBXFileReference; lastKnownFileType = sourcecode.swift; path = APIRouter.swift; sourceTree = "<group>"; };
		EA526FB32AC529C50025614F /* Board.swift */ = {isa = PBXFileReference; lastKnownFileType = sourcecode.swift; path = Board.swift; sourceTree = "<group>"; };
		EA526FB52AC52A430025614F /* Article.swift */ = {isa = PBXFileReference; lastKnownFileType = sourcecode.swift; path = Article.swift; sourceTree = "<group>"; };
		EA526FB72AC52A920025614F /* Account.swift */ = {isa = PBXFileReference; lastKnownFileType = sourcecode.swift; path = Account.swift; sourceTree = "<group>"; };
		EA526FB92AC537470025614F /* TopicDataSource.swift */ = {isa = PBXFileReference; lastKnownFileType = sourcecode.swift; path = TopicDataSource.swift; sourceTree = "<group>"; };
		EA526FBB2AC5381D0025614F /* NetworkAPI.swift */ = {isa = PBXFileReference; lastKnownFileType = sourcecode.swift; path = NetworkAPI.swift; sourceTree = "<group>"; };
		EA526FBD2AC54B610025614F /* TopicDetailDataSource.swift */ = {isa = PBXFileReference; lastKnownFileType = sourcecode.swift; path = TopicDetailDataSource.swift; sourceTree = "<group>"; };
		EA526FBF2AC551890025614F /* Like.swift */ = {isa = PBXFileReference; lastKnownFileType = sourcecode.swift; path = Like.swift; sourceTree = "<group>"; };
		EA526FC12AC5530F0025614F /* TopicDetailView.swift */ = {isa = PBXFileReference; lastKnownFileType = sourcecode.swift; path = TopicDetailView.swift; sourceTree = "<group>"; };
		EA526FC32AC568AB0025614F /* BaseDataSource.swift */ = {isa = PBXFileReference; lastKnownFileType = sourcecode.swift; path = BaseDataSource.swift; sourceTree = "<group>"; };
		EA526FC52AC56C9B0025614F /* TopicContentRowView.swift */ = {isa = PBXFileReference; lastKnownFileType = sourcecode.swift; path = TopicContentRowView.swift; sourceTree = "<group>"; };
		EA526FC92AC5A3A40025614F /* ArticleRowView.swift */ = {isa = PBXFileReference; lastKnownFileType = sourcecode.swift; path = ArticleRowView.swift; sourceTree = "<group>"; };
		EA526FCB2AC5A6CF0025614F /* TopicRowView.swift */ = {isa = PBXFileReference; lastKnownFileType = sourcecode.swift; path = TopicRowView.swift; sourceTree = "<group>"; };
		EA526FCD2AC5D2810025614F /* SmthRelease.entitlements */ = {isa = PBXFileReference; lastKnownFileType = text.plist.entitlements; path = SmthRelease.entitlements; sourceTree = "<group>"; };
		EA526FCE2AC5D67A0025614F /* HotTopicView.swift */ = {isa = PBXFileReference; lastKnownFileType = sourcecode.swift; path = HotTopicView.swift; sourceTree = "<group>"; };
		EA526FD02AC5DA540025614F /* Section.swift */ = {isa = PBXFileReference; lastKnownFileType = sourcecode.swift; path = Section.swift; sourceTree = "<group>"; };
		EA526FD22AC5DAD90025614F /* SectionDataSource.swift */ = {isa = PBXFileReference; lastKnownFileType = sourcecode.swift; path = SectionDataSource.swift; sourceTree = "<group>"; };
		EA526FD42AC5DCAF0025614F /* SectionListView.swift */ = {isa = PBXFileReference; lastKnownFileType = sourcecode.swift; path = SectionListView.swift; sourceTree = "<group>"; };
		EA526FD62AC5DD980025614F /* BoardListView.swift */ = {isa = PBXFileReference; lastKnownFileType = sourcecode.swift; path = BoardListView.swift; sourceTree = "<group>"; };
		EA526FD82AC5DDA50025614F /* BoardDataSource.swift */ = {isa = PBXFileReference; lastKnownFileType = sourcecode.swift; path = BoardDataSource.swift; sourceTree = "<group>"; };
/* End PBXFileReference section */

/* Begin PBXFrameworksBuildPhase section */
		EA526F892AC048840025614F /* Frameworks */ = {
			isa = PBXFrameworksBuildPhase;
			buildActionMask = 2147483647;
			files = (
				EA526FA12AC05EDA0025614F /* SwiftSoup in Frameworks */,
				EA526FAD2AC507F70025614F /* Alamofire in Frameworks */,
			);
			runOnlyForDeploymentPostprocessing = 0;
		};
/* End PBXFrameworksBuildPhase section */

/* Begin PBXGroup section */
		EA526F832AC048840025614F = {
			isa = PBXGroup;
			children = (
				EA526FCD2AC5D2810025614F /* SmthRelease.entitlements */,
				EA526F8E2AC048840025614F /* App */,
				EA526F8D2AC048840025614F /* Products */,
				EA526FA22AC08DBB0025614F /* Frameworks */,
			);
			sourceTree = "<group>";
		};
		EA526F8D2AC048840025614F /* Products */ = {
			isa = PBXGroup;
			children = (
				EA526F8C2AC048840025614F /* Smth.app */,
			);
			name = Products;
			sourceTree = "<group>";
		};
		EA526F8E2AC048840025614F /* App */ = {
			isa = PBXGroup;
			children = (
				EA526F8F2AC048840025614F /* SmthApp.swift */,
				EA526F912AC048840025614F /* ContentView.swift */,
				EA526FCE2AC5D67A0025614F /* HotTopicView.swift */,
				EA526FD42AC5DCAF0025614F /* SectionListView.swift */,
				EA526FD62AC5DD980025614F /* BoardListView.swift */,
				EA526FC12AC5530F0025614F /* TopicDetailView.swift */,
				EA526FCB2AC5A6CF0025614F /* TopicRowView.swift */,
				EA526FC52AC56C9B0025614F /* TopicContentRowView.swift */,
				EA526FC92AC5A3A40025614F /* ArticleRowView.swift */,
				EA526FB92AC537470025614F /* TopicDataSource.swift */,
				EA526FD22AC5DAD90025614F /* SectionDataSource.swift */,
				EA526FD82AC5DDA50025614F /* BoardDataSource.swift */,
				EA526FBD2AC54B610025614F /* TopicDetailDataSource.swift */,
				EA526FC32AC568AB0025614F /* BaseDataSource.swift */,
				EA526FA92AC08EBD0025614F /* NetworkManager.swift */,
				EA526FBB2AC5381D0025614F /* NetworkAPI.swift */,
				EA526FB12AC519840025614F /* APIRouter.swift */,
				EA526FAE2AC50C4F0025614F /* Model */,
				EA526F932AC048860025614F /* Assets.xcassets */,
				EA526F952AC048860025614F /* Smth.entitlements */,
				EA526F962AC048860025614F /* Preview Content */,
			);
			path = App;
			sourceTree = "<group>";
		};
		EA526F962AC048860025614F /* Preview Content */ = {
			isa = PBXGroup;
			children = (
				EA526F972AC048860025614F /* Preview Assets.xcassets */,
			);
			path = "Preview Content";
			sourceTree = "<group>";
		};
		EA526FA22AC08DBB0025614F /* Frameworks */ = {
			isa = PBXGroup;
			children = (
			);
			name = Frameworks;
			sourceTree = "<group>";
		};
		EA526FAE2AC50C4F0025614F /* Model */ = {
			isa = PBXGroup;
			children = (
				EA526FAF2AC50C640025614F /* Topic.swift */,
				EA526FB52AC52A430025614F /* Article.swift */,
				EA526FB32AC529C50025614F /* Board.swift */,
				EA526FB72AC52A920025614F /* Account.swift */,
				EA526FBF2AC551890025614F /* Like.swift */,
				EA526FD02AC5DA540025614F /* Section.swift */,
			);
			path = Model;
			sourceTree = "<group>";
		};
/* End PBXGroup section */

/* Begin PBXNativeTarget section */
		EA526F8B2AC048840025614F /* Smth */ = {
			isa = PBXNativeTarget;
			buildConfigurationList = EA526F9B2AC048860025614F /* Build configuration list for PBXNativeTarget "Smth" */;
			buildPhases = (
				EA526F882AC048840025614F /* Sources */,
				EA526F892AC048840025614F /* Frameworks */,
				EA526F8A2AC048840025614F /* Resources */,
			);
			buildRules = (
			);
			dependencies = (
			);
			name = Smth;
			packageProductDependencies = (
				EA526FA02AC05EDA0025614F /* SwiftSoup */,
				EA526FAC2AC507F70025614F /* Alamofire */,
			);
			productName = Smth;
			productReference = EA526F8C2AC048840025614F /* Smth.app */;
			productType = "com.apple.product-type.application";
		};
/* End PBXNativeTarget section */

/* Begin PBXProject section */
		EA526F842AC048840025614F /* Project object */ = {
			isa = PBXProject;
			attributes = {
				BuildIndependentTargetsInParallel = 1;
				LastSwiftUpdateCheck = 1430;
				LastUpgradeCheck = 1430;
				TargetAttributes = {
					EA526F8B2AC048840025614F = {
						CreatedOnToolsVersion = 14.3.1;
					};
				};
			};
			buildConfigurationList = EA526F872AC048840025614F /* Build configuration list for PBXProject "Smth" */;
			compatibilityVersion = "Xcode 14.0";
			developmentRegion = en;
			hasScannedForEncodings = 0;
			knownRegions = (
				en,
				Base,
			);
			mainGroup = EA526F832AC048840025614F;
			packageReferences = (
				EA526F9F2AC05EDA0025614F /* XCRemoteSwiftPackageReference "SwiftSoup" */,
				EA526FAB2AC507F70025614F /* XCRemoteSwiftPackageReference "Alamofire" */,
			);
			productRefGroup = EA526F8D2AC048840025614F /* Products */;
			projectDirPath = "";
			projectRoot = "";
			targets = (
				EA526F8B2AC048840025614F /* Smth */,
			);
		};
/* End PBXProject section */

/* Begin PBXResourcesBuildPhase section */
		EA526F8A2AC048840025614F /* Resources */ = {
			isa = PBXResourcesBuildPhase;
			buildActionMask = 2147483647;
			files = (
				EA526F982AC048860025614F /* Preview Assets.xcassets in Resources */,
				EA526F942AC048860025614F /* Assets.xcassets in Resources */,
			);
			runOnlyForDeploymentPostprocessing = 0;
		};
/* End PBXResourcesBuildPhase section */

/* Begin PBXSourcesBuildPhase section */
		EA526F882AC048840025614F /* Sources */ = {
			isa = PBXSourcesBuildPhase;
			buildActionMask = 2147483647;
			files = (
				EA526FB62AC52A430025614F /* Article.swift in Sources */,
				EA526FBC2AC5381D0025614F /* NetworkAPI.swift in Sources */,
				EA526FD32AC5DAD90025614F /* SectionDataSource.swift in Sources */,
				EA526FC22AC5530F0025614F /* TopicDetailView.swift in Sources */,
				EA526FB22AC519840025614F /* APIRouter.swift in Sources */,
				EA526F922AC048840025614F /* ContentView.swift in Sources */,
				EA526FBE2AC54B610025614F /* TopicDetailDataSource.swift in Sources */,
				EA526FD12AC5DA540025614F /* Section.swift in Sources */,
				EA526FCA2AC5A3A40025614F /* ArticleRowView.swift in Sources */,
				EA526FBA2AC537470025614F /* TopicDataSource.swift in Sources */,
				EA526FCF2AC5D67A0025614F /* HotTopicView.swift in Sources */,
				EA526FD72AC5DD980025614F /* BoardListView.swift in Sources */,
				EA526FC02AC551890025614F /* Like.swift in Sources */,
				EA526FCC2AC5A6CF0025614F /* TopicRowView.swift in Sources */,
				EA526FB42AC529C50025614F /* Board.swift in Sources */,
				EA526FC42AC568AB0025614F /* BaseDataSource.swift in Sources */,
				EA526FC62AC56C9B0025614F /* TopicContentRowView.swift in Sources */,
				EA526FB02AC50C640025614F /* Topic.swift in Sources */,
				EA526FD52AC5DCAF0025614F /* SectionListView.swift in Sources */,
				EA526FB82AC52A920025614F /* Account.swift in Sources */,
				EA526FAA2AC08EBE0025614F /* NetworkManager.swift in Sources */,
				EA526FD92AC5DDA50025614F /* BoardDataSource.swift in Sources */,
				EA526F902AC048840025614F /* SmthApp.swift in Sources */,
			);
			runOnlyForDeploymentPostprocessing = 0;
		};
/* End PBXSourcesBuildPhase section */

/* Begin XCBuildConfiguration section */
		EA526F992AC048860025614F /* Debug */ = {
			isa = XCBuildConfiguration;
			buildSettings = {
				ALWAYS_SEARCH_USER_PATHS = NO;
				CLANG_ANALYZER_NONNULL = YES;
				CLANG_ANALYZER_NUMBER_OBJECT_CONVERSION = YES_AGGRESSIVE;
				CLANG_CXX_LANGUAGE_STANDARD = "gnu++20";
				CLANG_ENABLE_MODULES = YES;
				CLANG_ENABLE_OBJC_ARC = YES;
				CLANG_ENABLE_OBJC_WEAK = YES;
				CLANG_WARN_BLOCK_CAPTURE_AUTORELEASING = YES;
				CLANG_WARN_BOOL_CONVERSION = YES;
				CLANG_WARN_COMMA = YES;
				CLANG_WARN_CONSTANT_CONVERSION = YES;
				CLANG_WARN_DEPRECATED_OBJC_IMPLEMENTATIONS = YES;
				CLANG_WARN_DIRECT_OBJC_ISA_USAGE = YES_ERROR;
				CLANG_WARN_DOCUMENTATION_COMMENTS = YES;
				CLANG_WARN_EMPTY_BODY = YES;
				CLANG_WARN_ENUM_CONVERSION = YES;
				CLANG_WARN_INFINITE_RECURSION = YES;
				CLANG_WARN_INT_CONVERSION = YES;
				CLANG_WARN_NON_LITERAL_NULL_CONVERSION = YES;
				CLANG_WARN_OBJC_IMPLICIT_RETAIN_SELF = YES;
				CLANG_WARN_OBJC_LITERAL_CONVERSION = YES;
				CLANG_WARN_OBJC_ROOT_CLASS = YES_ERROR;
				CLANG_WARN_QUOTED_INCLUDE_IN_FRAMEWORK_HEADER = YES;
				CLANG_WARN_RANGE_LOOP_ANALYSIS = YES;
				CLANG_WARN_STRICT_PROTOTYPES = YES;
				CLANG_WARN_SUSPICIOUS_MOVE = YES;
				CLANG_WARN_UNGUARDED_AVAILABILITY = YES_AGGRESSIVE;
				CLANG_WARN_UNREACHABLE_CODE = YES;
				CLANG_WARN__DUPLICATE_METHOD_MATCH = YES;
				COPY_PHASE_STRIP = NO;
				DEBUG_INFORMATION_FORMAT = dwarf;
				ENABLE_STRICT_OBJC_MSGSEND = YES;
				ENABLE_TESTABILITY = YES;
				GCC_C_LANGUAGE_STANDARD = gnu11;
				GCC_DYNAMIC_NO_PIC = NO;
				GCC_NO_COMMON_BLOCKS = YES;
				GCC_OPTIMIZATION_LEVEL = 0;
				GCC_PREPROCESSOR_DEFINITIONS = (
					"DEBUG=1",
					"$(inherited)",
				);
				GCC_WARN_64_TO_32_BIT_CONVERSION = YES;
				GCC_WARN_ABOUT_RETURN_TYPE = YES_ERROR;
				GCC_WARN_UNDECLARED_SELECTOR = YES;
				GCC_WARN_UNINITIALIZED_AUTOS = YES_AGGRESSIVE;
				GCC_WARN_UNUSED_FUNCTION = YES;
				GCC_WARN_UNUSED_VARIABLE = YES;
				IPHONEOS_DEPLOYMENT_TARGET = 16.0;
				MACOSX_DEPLOYMENT_TARGET = 12.0;
				MTL_ENABLE_DEBUG_INFO = INCLUDE_SOURCE;
				MTL_FAST_MATH = YES;
				ONLY_ACTIVE_ARCH = YES;
				SWIFT_ACTIVE_COMPILATION_CONDITIONS = DEBUG;
				SWIFT_OPTIMIZATION_LEVEL = "-Onone";
			};
			name = Debug;
		};
		EA526F9A2AC048860025614F /* Release */ = {
			isa = XCBuildConfiguration;
			buildSettings = {
				ALWAYS_SEARCH_USER_PATHS = NO;
				CLANG_ANALYZER_NONNULL = YES;
				CLANG_ANALYZER_NUMBER_OBJECT_CONVERSION = YES_AGGRESSIVE;
				CLANG_CXX_LANGUAGE_STANDARD = "gnu++20";
				CLANG_ENABLE_MODULES = YES;
				CLANG_ENABLE_OBJC_ARC = YES;
				CLANG_ENABLE_OBJC_WEAK = YES;
				CLANG_WARN_BLOCK_CAPTURE_AUTORELEASING = YES;
				CLANG_WARN_BOOL_CONVERSION = YES;
				CLANG_WARN_COMMA = YES;
				CLANG_WARN_CONSTANT_CONVERSION = YES;
				CLANG_WARN_DEPRECATED_OBJC_IMPLEMENTATIONS = YES;
				CLANG_WARN_DIRECT_OBJC_ISA_USAGE = YES_ERROR;
				CLANG_WARN_DOCUMENTATION_COMMENTS = YES;
				CLANG_WARN_EMPTY_BODY = YES;
				CLANG_WARN_ENUM_CONVERSION = YES;
				CLANG_WARN_INFINITE_RECURSION = YES;
				CLANG_WARN_INT_CONVERSION = YES;
				CLANG_WARN_NON_LITERAL_NULL_CONVERSION = YES;
				CLANG_WARN_OBJC_IMPLICIT_RETAIN_SELF = YES;
				CLANG_WARN_OBJC_LITERAL_CONVERSION = YES;
				CLANG_WARN_OBJC_ROOT_CLASS = YES_ERROR;
				CLANG_WARN_QUOTED_INCLUDE_IN_FRAMEWORK_HEADER = YES;
				CLANG_WARN_RANGE_LOOP_ANALYSIS = YES;
				CLANG_WARN_STRICT_PROTOTYPES = YES;
				CLANG_WARN_SUSPICIOUS_MOVE = YES;
				CLANG_WARN_UNGUARDED_AVAILABILITY = YES_AGGRESSIVE;
				CLANG_WARN_UNREACHABLE_CODE = YES;
				CLANG_WARN__DUPLICATE_METHOD_MATCH = YES;
				COPY_PHASE_STRIP = NO;
				DEBUG_INFORMATION_FORMAT = "dwarf-with-dsym";
				ENABLE_NS_ASSERTIONS = NO;
				ENABLE_STRICT_OBJC_MSGSEND = YES;
				GCC_C_LANGUAGE_STANDARD = gnu11;
				GCC_NO_COMMON_BLOCKS = YES;
				GCC_WARN_64_TO_32_BIT_CONVERSION = YES;
				GCC_WARN_ABOUT_RETURN_TYPE = YES_ERROR;
				GCC_WARN_UNDECLARED_SELECTOR = YES;
				GCC_WARN_UNINITIALIZED_AUTOS = YES_AGGRESSIVE;
				GCC_WARN_UNUSED_FUNCTION = YES;
				GCC_WARN_UNUSED_VARIABLE = YES;
				IPHONEOS_DEPLOYMENT_TARGET = 16.0;
				MACOSX_DEPLOYMENT_TARGET = 12.0;
				MTL_ENABLE_DEBUG_INFO = NO;
				MTL_FAST_MATH = YES;
				SWIFT_COMPILATION_MODE = wholemodule;
				SWIFT_OPTIMIZATION_LEVEL = "-O";
			};
			name = Release;
		};
		EA526F9C2AC048860025614F /* Debug */ = {
			isa = XCBuildConfiguration;
			buildSettings = {
				ASSETCATALOG_COMPILER_APPICON_NAME = AppIcon;
				ASSETCATALOG_COMPILER_GLOBAL_ACCENT_COLOR_NAME = AccentColor;
				CODE_SIGN_ENTITLEMENTS = App/Smth.entitlements;
				"CODE_SIGN_IDENTITY[sdk=macosx*]" = "-";
				CODE_SIGN_STYLE = Automatic;
				CURRENT_PROJECT_VERSION = 1;
				DEVELOPMENT_ASSET_PATHS = "\"App/Preview Content\"";
				DEVELOPMENT_TEAM = CR3492ZH52;
				ENABLE_HARDENED_RUNTIME = YES;
				ENABLE_PREVIEWS = YES;
				GENERATE_INFOPLIST_FILE = YES;
				"INFOPLIST_KEY_UIApplicationSceneManifest_Generation[sdk=iphoneos*]" = YES;
				"INFOPLIST_KEY_UIApplicationSceneManifest_Generation[sdk=iphonesimulator*]" = YES;
				"INFOPLIST_KEY_UIApplicationSupportsIndirectInputEvents[sdk=iphoneos*]" = YES;
				"INFOPLIST_KEY_UIApplicationSupportsIndirectInputEvents[sdk=iphonesimulator*]" = YES;
				"INFOPLIST_KEY_UILaunchScreen_Generation[sdk=iphoneos*]" = YES;
				"INFOPLIST_KEY_UILaunchScreen_Generation[sdk=iphonesimulator*]" = YES;
				"INFOPLIST_KEY_UIStatusBarStyle[sdk=iphoneos*]" = UIStatusBarStyleDefault;
				"INFOPLIST_KEY_UIStatusBarStyle[sdk=iphonesimulator*]" = UIStatusBarStyleDefault;
				INFOPLIST_KEY_UISupportedInterfaceOrientations_iPad = "UIInterfaceOrientationPortrait UIInterfaceOrientationPortraitUpsideDown UIInterfaceOrientationLandscapeLeft UIInterfaceOrientationLandscapeRight";
				INFOPLIST_KEY_UISupportedInterfaceOrientations_iPhone = "UIInterfaceOrientationPortrait UIInterfaceOrientationLandscapeLeft UIInterfaceOrientationLandscapeRight";
				IPHONEOS_DEPLOYMENT_TARGET = 16.0;
				LD_RUNPATH_SEARCH_PATHS = "@executable_path/Frameworks";
				"LD_RUNPATH_SEARCH_PATHS[sdk=macosx*]" = "@executable_path/../Frameworks";
				MACOSX_DEPLOYMENT_TARGET = 13.0;
				MARKETING_VERSION = 1.0;
				PRODUCT_BUNDLE_IDENTIFIER = com.bitnpc.Smth;
				PRODUCT_NAME = "$(TARGET_NAME)";
				SDKROOT = auto;
				SUPPORTED_PLATFORMS = "iphoneos iphonesimulator macosx";
				SWIFT_EMIT_LOC_STRINGS = YES;
				SWIFT_VERSION = 5.0;
				TARGETED_DEVICE_FAMILY = "1,2";
			};
			name = Debug;
		};
		EA526F9D2AC048860025614F /* Release */ = {
			isa = XCBuildConfiguration;
			buildSettings = {
				ASSETCATALOG_COMPILER_APPICON_NAME = AppIcon;
				ASSETCATALOG_COMPILER_GLOBAL_ACCENT_COLOR_NAME = AccentColor;
				CODE_SIGN_ENTITLEMENTS = SmthRelease.entitlements;
				"CODE_SIGN_IDENTITY[sdk=macosx*]" = "-";
				CODE_SIGN_STYLE = Automatic;
				CURRENT_PROJECT_VERSION = 1;
				DEVELOPMENT_ASSET_PATHS = "\"App/Preview Content\"";
				DEVELOPMENT_TEAM = CR3492ZH52;
				ENABLE_HARDENED_RUNTIME = YES;
				ENABLE_PREVIEWS = YES;
				GENERATE_INFOPLIST_FILE = YES;
				"INFOPLIST_KEY_UIApplicationSceneManifest_Generation[sdk=iphoneos*]" = YES;
				"INFOPLIST_KEY_UIApplicationSceneManifest_Generation[sdk=iphonesimulator*]" = YES;
				"INFOPLIST_KEY_UIApplicationSupportsIndirectInputEvents[sdk=iphoneos*]" = YES;
				"INFOPLIST_KEY_UIApplicationSupportsIndirectInputEvents[sdk=iphonesimulator*]" = YES;
				"INFOPLIST_KEY_UILaunchScreen_Generation[sdk=iphoneos*]" = YES;
				"INFOPLIST_KEY_UILaunchScreen_Generation[sdk=iphonesimulator*]" = YES;
				"INFOPLIST_KEY_UIStatusBarStyle[sdk=iphoneos*]" = UIStatusBarStyleDefault;
				"INFOPLIST_KEY_UIStatusBarStyle[sdk=iphonesimulator*]" = UIStatusBarStyleDefault;
				INFOPLIST_KEY_UISupportedInterfaceOrientations_iPad = "UIInterfaceOrientationPortrait UIInterfaceOrientationPortraitUpsideDown UIInterfaceOrientationLandscapeLeft UIInterfaceOrientationLandscapeRight";
				INFOPLIST_KEY_UISupportedInterfaceOrientations_iPhone = "UIInterfaceOrientationPortrait UIInterfaceOrientationLandscapeLeft UIInterfaceOrientationLandscapeRight";
				IPHONEOS_DEPLOYMENT_TARGET = 16.0;
				LD_RUNPATH_SEARCH_PATHS = "@executable_path/Frameworks";
				"LD_RUNPATH_SEARCH_PATHS[sdk=macosx*]" = "@executable_path/../Frameworks";
				MACOSX_DEPLOYMENT_TARGET = 13.0;
				MARKETING_VERSION = 1.0;
				PRODUCT_BUNDLE_IDENTIFIER = com.bitnpc.test;
				PRODUCT_NAME = "$(TARGET_NAME)";
				SDKROOT = auto;
				SUPPORTED_PLATFORMS = "iphoneos iphonesimulator macosx";
				SWIFT_EMIT_LOC_STRINGS = YES;
				SWIFT_VERSION = 5.0;
				TARGETED_DEVICE_FAMILY = "1,2";
			};
			name = Release;
		};
/* End XCBuildConfiguration section */

/* Begin XCConfigurationList section */
		EA526F872AC048840025614F /* Build configuration list for PBXProject "Smth" */ = {
			isa = XCConfigurationList;
			buildConfigurations = (
				EA526F992AC048860025614F /* Debug */,
				EA526F9A2AC048860025614F /* Release */,
			);
			defaultConfigurationIsVisible = 0;
			defaultConfigurationName = Release;
		};
		EA526F9B2AC048860025614F /* Build configuration list for PBXNativeTarget "Smth" */ = {
			isa = XCConfigurationList;
			buildConfigurations = (
				EA526F9C2AC048860025614F /* Debug */,
				EA526F9D2AC048860025614F /* Release */,
			);
			defaultConfigurationIsVisible = 0;
			defaultConfigurationName = Release;
		};
/* End XCConfigurationList section */

/* Begin XCRemoteSwiftPackageReference section */
		EA526F9F2AC05EDA0025614F /* XCRemoteSwiftPackageReference "SwiftSoup" */ = {
			isa = XCRemoteSwiftPackageReference;
			repositoryURL = "https://github.com/scinfu/SwiftSoup.git";
			requirement = {
				kind = upToNextMajorVersion;
				minimumVersion = 2.0.0;
			};
		};
		EA526FAB2AC507F70025614F /* XCRemoteSwiftPackageReference "Alamofire" */ = {
			isa = XCRemoteSwiftPackageReference;
			repositoryURL = "https://github.com/Alamofire/Alamofire.git";
			requirement = {
				kind = upToNextMajorVersion;
				minimumVersion = 5.0.0;
			};
		};
/* End XCRemoteSwiftPackageReference section */

/* Begin XCSwiftPackageProductDependency section */
		EA526FA02AC05EDA0025614F /* SwiftSoup */ = {
			isa = XCSwiftPackageProductDependency;
			package = EA526F9F2AC05EDA0025614F /* XCRemoteSwiftPackageReference "SwiftSoup" */;
			productName = SwiftSoup;
		};
		EA526FAC2AC507F70025614F /* Alamofire */ = {
			isa = XCSwiftPackageProductDependency;
			package = EA526FAB2AC507F70025614F /* XCRemoteSwiftPackageReference "Alamofire" */;
			productName = Alamofire;
		};
/* End XCSwiftPackageProductDependency section */
	};
	rootObject = EA526F842AC048840025614F /* Project object */;
}
